
Microsoft Visual Studio Solution File, Format Version 12.00
# Visual Studio 15
VisualStudioVersion = 15.0.26730.12
MinimumVisualStudioVersion = 10.0.40219.1
Project("{FAE04EC0-301F-11D3-BF4B-00C04F79EFBC}") = "MortgageCalc.Web", "MortgageCalc.Web\MortgageCalc.Web.csproj", "{C98A4C00-184B-4B14-A8DB-73A6163B09CA}"
EndProject
Global
	GlobalSection(SolutionConfigurationPlatforms) = preSolution
		Debug|Any CPU = Debug|Any CPU
		Release|Any CPU = Release|Any CPU
	EndGlobalSection
	GlobalSection(ProjectConfigurationPlatforms) = postSolution
		{C98A4C00-184B-4B14-A8DB-73A6163B09CA}.Debug|Any CPU.ActiveCfg = Debug|Any CPU
		{C98A4C00-184B-4B14-A8DB-73A6163B09CA}.Debug|Any CPU.Build.0 = Debug|Any CPU
		{C98A4C00-184B-4B14-A8DB-73A6163B09CA}.Release|Any CPU.ActiveCfg = Release|Any CPU
		{C98A4C00-184B-4B14-A8DB-73A6163B09CA}.Release|Any CPU.Build.0 = Release|Any CPU
	EndGlobalSection
	GlobalSection(SolutionProperties) = preSolution
		HideSolutionNode = FALSE
	EndGlobalSection
	GlobalSection(ExtensibilityGlobals) = postSolution
		SolutionGuid = {415A9E7A-DF7B-4EE8-AE44-4800EE3DFE4E}
	EndGlobalSection
EndGlobal
